
Microsoft Visual Studio Solution File, Format Version 12.00
# Visual Studio Version 17
VisualStudioVersion = 17.1.32407.343
MinimumVisualStudioVersion = 10.0.40219.1
Project("{2150E333-8FDC-42A3-9474-1A3956D46DE8}") = "001_Classes", "001_Classes", "{D740BD6A-69DD-4BCC-B870-D6E47146C672}"
EndProject
Project("{2150E333-8FDC-42A3-9474-1A3956D46DE8}") = "01_Rectangle", "01_Rectangle", "{011F11E1-2A39-4E0B-BFDA-B58E462F59E7}"
EndProject
Project("{9A19103F-16F7-4668-BE54-9A1E7A4F7556}") = "01_Rectangle", "001_Classes\01_Rectangle\01_Rectangle.csproj", "{04C8AF65-D11F-42BC-A777-424F6EB23D2B}"
EndProject
Project("{2150E333-8FDC-42A3-9474-1A3956D46DE8}") = "02_Book", "02_Book", "{C5D09C65-225A-46A4-B48C-74602E2D97CE}"
EndProject
Project("{9A19103F-16F7-4668-BE54-9A1E7A4F7556}") = "02_Book", "001_Classes\02_Book\02_Book.csproj", "{7A6701D3-B06E-4CB8-9BA2-A07E923FBC81}"
EndProject
Project("{2150E333-8FDC-42A3-9474-1A3956D46DE8}") = "03_Figure", "03_Figure", "{A5A41D1F-19F3-49A9-A2D5-61776C2B9B4C}"
EndProject
Project("{9A19103F-16F7-4668-BE54-9A1E7A4F7556}") = "03_Figure", "001_Classes\03_Figure\03_Figure.csproj", "{A70BB614-1021-4FAE-A8DA-177B92C9F880}"
EndProject
Project("{2150E333-8FDC-42A3-9474-1A3956D46DE8}") = "002_Classes", "002_Classes", "{6031B4DD-6461-4632-9BE5-AEA3ADF02145}"
EndProject
Project("{2150E333-8FDC-42A3-9474-1A3956D46DE8}") = "01_Converter", "01_Converter", "{2DDE501F-504C-4EA2-9006-32CA7FF17A15}"
EndProject
Project("{9A19103F-16F7-4668-BE54-9A1E7A4F7556}") = "01_Converter", "002_Classes\01_Converter\01_Converter.csproj", "{3396FB13-934D-45A0-9AB0-8A5B9FAE8177}"
EndProject
Project("{2150E333-8FDC-42A3-9474-1A3956D46DE8}") = "02_Employee", "02_Employee", "{E481F20D-20B4-4485-84EC-564FE8CFD60C}"
EndProject
Project("{9A19103F-16F7-4668-BE54-9A1E7A4F7556}") = "02_Employee", "002_Classes\02_Employee\02_Employee.csproj", "{293365CE-A92D-4418-A2D0-3E4E8E067284}"
EndProject
Project("{2150E333-8FDC-42A3-9474-1A3956D46DE8}") = "03_Invoice", "03_Invoice", "{83C2F0B3-8D4C-403F-B852-87D7A98EAB72}"
EndProject
Project("{9A19103F-16F7-4668-BE54-9A1E7A4F7556}") = "03_Invoice", "002_Classes\03_Invoice\03_Invoice.csproj", "{906E68CD-EE89-43FB-8A6B-66A7759CCB0D}"
EndProject
Project("{2150E333-8FDC-42A3-9474-1A3956D46DE8}") = "04_User", "04_User", "{B19B27C7-A28A-47E1-B8E0-729AEF593E5B}"
EndProject
Project("{9A19103F-16F7-4668-BE54-9A1E7A4F7556}") = "04_User", "002_Classes\04_User\04_User.csproj", "{79CCC274-2817-4FF3-81E1-F95E7E13A5A5}"
EndProject
Project("{2150E333-8FDC-42A3-9474-1A3956D46DE8}") = "003_Inheritance", "003_Inheritance", "{DABD86D8-AC0D-475E-8972-0E1718C78465}"
EndProject
Project("{2150E333-8FDC-42A3-9474-1A3956D46DE8}") = "01_ClassRoom", "01_ClassRoom", "{B540CE9E-A025-4471-BE9D-72D26339F181}"
EndProject
Project("{9A19103F-16F7-4668-BE54-9A1E7A4F7556}") = "01_ClassRoom", "003_Inheritance\01_ClassRoom\01_ClassRoom.csproj", "{68562019-5257-4B00-B6F6-57FA70836818}"
EndProject
Project("{2150E333-8FDC-42A3-9474-1A3956D46DE8}") = "02_Vehicle", "02_Vehicle", "{16890DCA-AF84-4E9B-8EF2-DE05DAA1DBF7}"
EndProject
Project("{9A19103F-16F7-4668-BE54-9A1E7A4F7556}") = "02_Vehicle", "003_Inheritance\02_Vehicle\02_Vehicle.csproj", "{8C7AFCFF-11E9-4C4D-A3B3-107A15FF47C5}"
EndProject
Project("{2150E333-8FDC-42A3-9474-1A3956D46DE8}") = "03_DocumentWorker", "03_DocumentWorker", "{9756B879-A7E8-4DF2-8655-221A494BA8A6}"
EndProject
Project("{9A19103F-16F7-4668-BE54-9A1E7A4F7556}") = "03_DocumentWorker", "003_Inheritance\03_DocumentWorker\03_DocumentWorker.csproj", "{F3062391-DE9B-4141-8808-933895D7F16D}"
EndProject
Project("{2150E333-8FDC-42A3-9474-1A3956D46DE8}") = "04_Printer", "04_Printer", "{F857C899-A1E4-46C1-ACD4-DAC9F8E1F9C9}"
EndProject
Project("{FAE04EC0-301F-11D3-BF4B-00C04F79EFBC}") = "04_Printer", "003_Inheritance\Новая папка\04_Printer\04_Printer.csproj", "{C4CC6F20-B8C9-48EA-B625-22488C8EB161}"
EndProject
Global
	GlobalSection(SolutionConfigurationPlatforms) = preSolution
		Debug|Any CPU = Debug|Any CPU
		Release|Any CPU = Release|Any CPU
	EndGlobalSection
	GlobalSection(ProjectConfigurationPlatforms) = postSolution
		{04C8AF65-D11F-42BC-A777-424F6EB23D2B}.Debug|Any CPU.ActiveCfg = Debug|Any CPU
		{04C8AF65-D11F-42BC-A777-424F6EB23D2B}.Debug|Any CPU.Build.0 = Debug|Any CPU
		{04C8AF65-D11F-42BC-A777-424F6EB23D2B}.Release|Any CPU.ActiveCfg = Release|Any CPU
		{04C8AF65-D11F-42BC-A777-424F6EB23D2B}.Release|Any CPU.Build.0 = Release|Any CPU
		{7A6701D3-B06E-4CB8-9BA2-A07E923FBC81}.Debug|Any CPU.ActiveCfg = Debug|Any CPU
		{7A6701D3-B06E-4CB8-9BA2-A07E923FBC81}.Debug|Any CPU.Build.0 = Debug|Any CPU
		{7A6701D3-B06E-4CB8-9BA2-A07E923FBC81}.Release|Any CPU.ActiveCfg = Release|Any CPU
		{7A6701D3-B06E-4CB8-9BA2-A07E923FBC81}.Release|Any CPU.Build.0 = Release|Any CPU
		{A70BB614-1021-4FAE-A8DA-177B92C9F880}.Debug|Any CPU.ActiveCfg = Debug|Any CPU
		{A70BB614-1021-4FAE-A8DA-177B92C9F880}.Debug|Any CPU.Build.0 = Debug|Any CPU
		{A70BB614-1021-4FAE-A8DA-177B92C9F880}.Release|Any CPU.ActiveCfg = Release|Any CPU
		{A70BB614-1021-4FAE-A8DA-177B92C9F880}.Release|Any CPU.Build.0 = Release|Any CPU
		{3396FB13-934D-45A0-9AB0-8A5B9FAE8177}.Debug|Any CPU.ActiveCfg = Debug|Any CPU
		{3396FB13-934D-45A0-9AB0-8A5B9FAE8177}.Debug|Any CPU.Build.0 = Debug|Any CPU
		{3396FB13-934D-45A0-9AB0-8A5B9FAE8177}.Release|Any CPU.ActiveCfg = Release|Any CPU
		{3396FB13-934D-45A0-9AB0-8A5B9FAE8177}.Release|Any CPU.Build.0 = Release|Any CPU
		{293365CE-A92D-4418-A2D0-3E4E8E067284}.Debug|Any CPU.ActiveCfg = Debug|Any CPU
		{293365CE-A92D-4418-A2D0-3E4E8E067284}.Debug|Any CPU.Build.0 = Debug|Any CPU
		{293365CE-A92D-4418-A2D0-3E4E8E067284}.Release|Any CPU.ActiveCfg = Release|Any CPU
		{293365CE-A92D-4418-A2D0-3E4E8E067284}.Release|Any CPU.Build.0 = Release|Any CPU
		{906E68CD-EE89-43FB-8A6B-66A7759CCB0D}.Debug|Any CPU.ActiveCfg = Debug|Any CPU
		{906E68CD-EE89-43FB-8A6B-66A7759CCB0D}.Debug|Any CPU.Build.0 = Debug|Any CPU
		{906E68CD-EE89-43FB-8A6B-66A7759CCB0D}.Release|Any CPU.ActiveCfg = Release|Any CPU
		{906E68CD-EE89-43FB-8A6B-66A7759CCB0D}.Release|Any CPU.Build.0 = Release|Any CPU
		{79CCC274-2817-4FF3-81E1-F95E7E13A5A5}.Debug|Any CPU.ActiveCfg = Debug|Any CPU
		{79CCC274-2817-4FF3-81E1-F95E7E13A5A5}.Debug|Any CPU.Build.0 = Debug|Any CPU
		{79CCC274-2817-4FF3-81E1-F95E7E13A5A5}.Release|Any CPU.ActiveCfg = Release|Any CPU
		{79CCC274-2817-4FF3-81E1-F95E7E13A5A5}.Release|Any CPU.Build.0 = Release|Any CPU
		{68562019-5257-4B00-B6F6-57FA70836818}.Debug|Any CPU.ActiveCfg = Debug|Any CPU
		{68562019-5257-4B00-B6F6-57FA70836818}.Debug|Any CPU.Build.0 = Debug|Any CPU
		{68562019-5257-4B00-B6F6-57FA70836818}.Release|Any CPU.ActiveCfg = Release|Any CPU
		{68562019-5257-4B00-B6F6-57FA70836818}.Release|Any CPU.Build.0 = Release|Any CPU
		{8C7AFCFF-11E9-4C4D-A3B3-107A15FF47C5}.Debug|Any CPU.ActiveCfg = Debug|Any CPU
		{8C7AFCFF-11E9-4C4D-A3B3-107A15FF47C5}.Debug|Any CPU.Build.0 = Debug|Any CPU
		{8C7AFCFF-11E9-4C4D-A3B3-107A15FF47C5}.Release|Any CPU.ActiveCfg = Release|Any CPU
		{8C7AFCFF-11E9-4C4D-A3B3-107A15FF47C5}.Release|Any CPU.Build.0 = Release|Any CPU
		{F3062391-DE9B-4141-8808-933895D7F16D}.Debug|Any CPU.ActiveCfg = Debug|Any CPU
		{F3062391-DE9B-4141-8808-933895D7F16D}.Debug|Any CPU.Build.0 = Debug|Any CPU
		{F3062391-DE9B-4141-8808-933895D7F16D}.Release|Any CPU.ActiveCfg = Release|Any CPU
		{F3062391-DE9B-4141-8808-933895D7F16D}.Release|Any CPU.Build.0 = Release|Any CPU
		{C4CC6F20-B8C9-48EA-B625-22488C8EB161}.Debug|Any CPU.ActiveCfg = Debug|Any CPU
		{C4CC6F20-B8C9-48EA-B625-22488C8EB161}.Debug|Any CPU.Build.0 = Debug|Any CPU
		{C4CC6F20-B8C9-48EA-B625-22488C8EB161}.Release|Any CPU.ActiveCfg = Release|Any CPU
		{C4CC6F20-B8C9-48EA-B625-22488C8EB161}.Release|Any CPU.Build.0 = Release|Any CPU
	EndGlobalSection
	GlobalSection(SolutionProperties) = preSolution
		HideSolutionNode = FALSE
	EndGlobalSection
	GlobalSection(NestedProjects) = preSolution
		{011F11E1-2A39-4E0B-BFDA-B58E462F59E7} = {D740BD6A-69DD-4BCC-B870-D6E47146C672}
		{04C8AF65-D11F-42BC-A777-424F6EB23D2B} = {011F11E1-2A39-4E0B-BFDA-B58E462F59E7}
		{C5D09C65-225A-46A4-B48C-74602E2D97CE} = {D740BD6A-69DD-4BCC-B870-D6E47146C672}
		{7A6701D3-B06E-4CB8-9BA2-A07E923FBC81} = {C5D09C65-225A-46A4-B48C-74602E2D97CE}
		{A5A41D1F-19F3-49A9-A2D5-61776C2B9B4C} = {D740BD6A-69DD-4BCC-B870-D6E47146C672}
		{A70BB614-1021-4FAE-A8DA-177B92C9F880} = {A5A41D1F-19F3-49A9-A2D5-61776C2B9B4C}
		{2DDE501F-504C-4EA2-9006-32CA7FF17A15} = {6031B4DD-6461-4632-9BE5-AEA3ADF02145}
		{3396FB13-934D-45A0-9AB0-8A5B9FAE8177} = {2DDE501F-504C-4EA2-9006-32CA7FF17A15}
		{E481F20D-20B4-4485-84EC-564FE8CFD60C} = {6031B4DD-6461-4632-9BE5-AEA3ADF02145}
		{293365CE-A92D-4418-A2D0-3E4E8E067284} = {E481F20D-20B4-4485-84EC-564FE8CFD60C}
		{83C2F0B3-8D4C-403F-B852-87D7A98EAB72} = {6031B4DD-6461-4632-9BE5-AEA3ADF02145}
		{906E68CD-EE89-43FB-8A6B-66A7759CCB0D} = {83C2F0B3-8D4C-403F-B852-87D7A98EAB72}
		{B19B27C7-A28A-47E1-B8E0-729AEF593E5B} = {6031B4DD-6461-4632-9BE5-AEA3ADF02145}
		{79CCC274-2817-4FF3-81E1-F95E7E13A5A5} = {B19B27C7-A28A-47E1-B8E0-729AEF593E5B}
		{B540CE9E-A025-4471-BE9D-72D26339F181} = {DABD86D8-AC0D-475E-8972-0E1718C78465}
		{68562019-5257-4B00-B6F6-57FA70836818} = {B540CE9E-A025-4471-BE9D-72D26339F181}
		{16890DCA-AF84-4E9B-8EF2-DE05DAA1DBF7} = {DABD86D8-AC0D-475E-8972-0E1718C78465}
		{8C7AFCFF-11E9-4C4D-A3B3-107A15FF47C5} = {16890DCA-AF84-4E9B-8EF2-DE05DAA1DBF7}
		{9756B879-A7E8-4DF2-8655-221A494BA8A6} = {DABD86D8-AC0D-475E-8972-0E1718C78465}
		{F3062391-DE9B-4141-8808-933895D7F16D} = {9756B879-A7E8-4DF2-8655-221A494BA8A6}
		{F857C899-A1E4-46C1-ACD4-DAC9F8E1F9C9} = {DABD86D8-AC0D-475E-8972-0E1718C78465}
		{C4CC6F20-B8C9-48EA-B625-22488C8EB161} = {F857C899-A1E4-46C1-ACD4-DAC9F8E1F9C9}
	EndGlobalSection
	GlobalSection(ExtensibilityGlobals) = postSolution
		SolutionGuid = {6DB24189-3011-4423-AFBF-F28BF1931447}
	EndGlobalSection
EndGlobal
