
Microsoft Visual Studio Solution File, Format Version 12.00
# Visual Studio Version 17
VisualStudioVersion = 17.1.32407.343
MinimumVisualStudioVersion = 10.0.40219.1
Project("{2150E333-8FDC-42A3-9474-1A3956D46DE8}") = "001_Classes", "001_Classes", "{D740BD6A-69DD-4BCC-B870-D6E47146C672}"
EndProject
Project("{2150E333-8FDC-42A3-9474-1A3956D46DE8}") = "01_Rectangle", "01_Rectangle", "{011F11E1-2A39-4E0B-BFDA-B58E462F59E7}"
EndProject
Project("{9A19103F-16F7-4668-BE54-9A1E7A4F7556}") = "01_Rectangle", "001_Classes\01_Rectangle\01_Rectangle.csproj", "{04C8AF65-D11F-42BC-A777-424F6EB23D2B}"
EndProject
Project("{2150E333-8FDC-42A3-9474-1A3956D46DE8}") = "02_Book", "02_Book", "{C5D09C65-225A-46A4-B48C-74602E2D97CE}"
EndProject
Project("{9A19103F-16F7-4668-BE54-9A1E7A4F7556}") = "02_Book", "001_Classes\02_Book\02_Book.csproj", "{7A6701D3-B06E-4CB8-9BA2-A07E923FBC81}"
EndProject
Project("{2150E333-8FDC-42A3-9474-1A3956D46DE8}") = "03_Figure", "03_Figure", "{A5A41D1F-19F3-49A9-A2D5-61776C2B9B4C}"
EndProject
Project("{FAE04EC0-301F-11D3-BF4B-00C04F79EFBC}") = "03_Figure", "001_Classes\03_Figure\03_Figure.csproj", "{A70BB614-1021-4FAE-A8DA-177B92C9F880}"
EndProject
Global
	GlobalSection(SolutionConfigurationPlatforms) = preSolution
		Debug|Any CPU = Debug|Any CPU
		Release|Any CPU = Release|Any CPU
	EndGlobalSection
	GlobalSection(ProjectConfigurationPlatforms) = postSolution
		{04C8AF65-D11F-42BC-A777-424F6EB23D2B}.Debug|Any CPU.ActiveCfg = Debug|Any CPU
		{04C8AF65-D11F-42BC-A777-424F6EB23D2B}.Debug|Any CPU.Build.0 = Debug|Any CPU
		{04C8AF65-D11F-42BC-A777-424F6EB23D2B}.Release|Any CPU.ActiveCfg = Release|Any CPU
		{04C8AF65-D11F-42BC-A777-424F6EB23D2B}.Release|Any CPU.Build.0 = Release|Any CPU
		{7A6701D3-B06E-4CB8-9BA2-A07E923FBC81}.Debug|Any CPU.ActiveCfg = Debug|Any CPU
		{7A6701D3-B06E-4CB8-9BA2-A07E923FBC81}.Debug|Any CPU.Build.0 = Debug|Any CPU
		{7A6701D3-B06E-4CB8-9BA2-A07E923FBC81}.Release|Any CPU.ActiveCfg = Release|Any CPU
		{7A6701D3-B06E-4CB8-9BA2-A07E923FBC81}.Release|Any CPU.Build.0 = Release|Any CPU
		{A70BB614-1021-4FAE-A8DA-177B92C9F880}.Debug|Any CPU.ActiveCfg = Debug|Any CPU
		{A70BB614-1021-4FAE-A8DA-177B92C9F880}.Debug|Any CPU.Build.0 = Debug|Any CPU
		{A70BB614-1021-4FAE-A8DA-177B92C9F880}.Release|Any CPU.ActiveCfg = Release|Any CPU
		{A70BB614-1021-4FAE-A8DA-177B92C9F880}.Release|Any CPU.Build.0 = Release|Any CPU
	EndGlobalSection
	GlobalSection(SolutionProperties) = preSolution
		HideSolutionNode = FALSE
	EndGlobalSection
	GlobalSection(NestedProjects) = preSolution
		{011F11E1-2A39-4E0B-BFDA-B58E462F59E7} = {D740BD6A-69DD-4BCC-B870-D6E47146C672}
		{04C8AF65-D11F-42BC-A777-424F6EB23D2B} = {011F11E1-2A39-4E0B-BFDA-B58E462F59E7}
		{C5D09C65-225A-46A4-B48C-74602E2D97CE} = {D740BD6A-69DD-4BCC-B870-D6E47146C672}
		{7A6701D3-B06E-4CB8-9BA2-A07E923FBC81} = {C5D09C65-225A-46A4-B48C-74602E2D97CE}
		{A5A41D1F-19F3-49A9-A2D5-61776C2B9B4C} = {D740BD6A-69DD-4BCC-B870-D6E47146C672}
		{A70BB614-1021-4FAE-A8DA-177B92C9F880} = {A5A41D1F-19F3-49A9-A2D5-61776C2B9B4C}
	EndGlobalSection
	GlobalSection(ExtensibilityGlobals) = postSolution
		SolutionGuid = {6DB24189-3011-4423-AFBF-F28BF1931447}
	EndGlobalSection
EndGlobal
